lockfileVersion: '9.0'

settings:
  autoInstallPeers: true
  excludeLinksFromLockfile: false

importers:

  .:
    dependencies:
      '@libsql/client':
        specifier: ^0.10.0
        version: 0.10.0
    devDependencies:
      dotenv-cli:
        specifier: ^7.4.2
        version: 7.4.2

packages:

  '@libsql/client@0.10.0':
    resolution: {integrity: sha512-2ERn08T4XOVx34yBtUPq0RDjAdd9TJ5qNH/izugr208ml2F94mk92qC64kXyDVQINodWJvp3kAdq6P4zTtCZ7g==}

  '@libsql/core@0.10.0':
    resolution: {integrity: sha512-rqynAXGaiSpTsykOZdBtI1N4z4O+KZ6mt33K/aHeXAY0gSIfK/ctxuWa0Y1Bjo4FMz1idBTCXz4Ps5kITOvZZw==}

  '@libsql/darwin-arm64@0.4.4':
    resolution: {integrity: sha512-2JauQh/A5KNBO5FAeZpeZ12v+OtNBSBwN2fHq6q59dpVL0Jfe5CsYWIlKxionN/0R8QxHumQw4QWqrhqtlE9Vg==}
    cpu: [arm64]
    os: [darwin]

  '@libsql/darwin-x64@0.4.4':
    resolution: {integrity: sha512-Yajb7sp0hZ5d9w4ZXojTu2mC7oFQ7U+IVfq5X8pSTa7uOBpxpQ4H5CQcawA3r0vDnVoS+li32bIrqaGiyAvNsQ==}
    cpu: [x64]
    os: [darwin]

  '@libsql/hrana-client@0.6.2':
    resolution: {integrity: sha512-MWxgD7mXLNf9FXXiM0bc90wCjZSpErWKr5mGza7ERy2FJNNMXd7JIOv+DepBA1FQTIfI8TFO4/QDYgaQC0goNw==}

  '@libsql/isomorphic-fetch@0.2.5':
    resolution: {integrity: sha512-8s/B2TClEHms2yb+JGpsVRTPBfy1ih/Pq6h6gvyaNcYnMVJvgQRY7wAa8U2nD0dppbCuDU5evTNMEhrQ17ZKKg==}
    engines: {node: '>=18.0.0'}

  '@libsql/isomorphic-ws@0.1.5':
    resolution: {integrity: sha512-DtLWIH29onUYR00i0GlQ3UdcTRC6EP4u9w/h9LxpUZJWRMARk6dQwZ6Jkd+QdwVpuAOrdxt18v0K2uIYR3fwFg==}

  '@libsql/linux-arm64-gnu@0.4.4':
    resolution: {integrity: sha512-lAsuCpfnS6Cr7IOjDsRFAC3vfouJm3G/Rz14nLNxGKIQV/rWX7wLFKIxYvwFQQvw0f7VdJwjUg1rkq9kGOMBTA==}
    cpu: [arm64]
    os: [linux]

  '@libsql/linux-arm64-musl@0.4.4':
    resolution: {integrity: sha512-Icp1HY5gLB2fsOsnbh9sAz++dXipedoH3LI/BRHDFXlCvm2Ph45Sy9gOYOFUfNq3SZKOuy1cqVvQremySiElmg==}
    cpu: [arm64]
    os: [linux]

  '@libsql/linux-x64-gnu@0.4.4':
    resolution: {integrity: sha512-ZRMAjMEo2TdbppfqHXkvzh7iWb4OxjA4ZTcxMIP7745eJocIarexHHYR4GHVp3e3sqiM7Wg63EnvQ9dSLQM4PQ==}
    cpu: [x64]
    os: [linux]

  '@libsql/linux-x64-musl@0.4.4':
    resolution: {integrity: sha512-bRVqiBcRNsr7it23258sTP+NR3Pr1DmcLCbporyYFYeCxYNEFQXHd2JDWaGNqqu2iBEOp/P2nrjizSOlp5aCMQ==}
    cpu: [x64]
    os: [linux]

  '@libsql/win32-x64-msvc@0.4.4':
    resolution: {integrity: sha512-Snqk2CB1uHL2dDtGizJEQR3oY5zWHRroXBp90J9VmMeZgqwfU+Ivgj1WaFzz980efxsPvqK1BoFxqG316BksjA==}
    cpu: [x64]
    os: [win32]

  '@neon-rs/load@0.0.4':
    resolution: {integrity: sha512-kTPhdZyTQxB+2wpiRcFWrDcejc4JI6tkPuS7UZCG4l6Zvc5kU/gGQ/ozvHTh1XR5tS+UlfAfGuPajjzQjCiHCw==}

  '@types/node@22.5.4':
    resolution: {integrity: sha512-FDuKUJQm/ju9fT/SeX/6+gBzoPzlVCzfzmGkwKvRHQVxi4BntVbyIwf6a4Xn62mrvndLiml6z/UBXIdEVjQLXg==}

  '@types/ws@8.5.12':
    resolution: {integrity: sha512-3tPRkv1EtkDpzlgyKyI8pGsGZAGPEaXeu0DOj5DI25Ja91bdAYddYHbADRYVrZMRbfW+1l5YwXVDKohDJNQxkQ==}

  cross-spawn@7.0.3:
    resolution: {integrity: sha512-iRDPJKUPVEND7dHPO8rkbOnPpyDygcDFtWjpeWNCgy8WP2rXcxXL8TskReQl6OrB2G7+UJrags1q15Fudc7G6w==}
    engines: {node: '>= 8'}

  data-uri-to-buffer@4.0.1:
    resolution: {integrity: sha512-0R9ikRb668HB7QDxT1vkpuUBtqc53YyAwMwGeUFKRojY/NWKvdZ+9UYtRfGmhqNbRkTSVpMbmyhXipFFv2cb/A==}
    engines: {node: '>= 12'}

  detect-libc@2.0.2:
    resolution: {integrity: sha512-UX6sGumvvqSaXgdKGUsgZWqcUyIXZ/vZTrlRT/iobiKhGL0zL4d3osHj3uqllWJK+i+sixDS/3COVEOFbupFyw==}
    engines: {node: '>=8'}

  dotenv-cli@7.4.2:
    resolution: {integrity: sha512-SbUj8l61zIbzyhIbg0FwPJq6+wjbzdn9oEtozQpZ6kW2ihCcapKVZj49oCT3oPM+mgQm+itgvUQcG5szxVrZTA==}
    hasBin: true

  dotenv-expand@10.0.0:
    resolution: {integrity: sha512-GopVGCpVS1UKH75VKHGuQFqS1Gusej0z4FyQkPdwjil2gNIv+LNsqBlboOzpJFZKVT95GkCyWJbBSdFEFUWI2A==}
    engines: {node: '>=12'}

  dotenv@16.4.5:
    resolution: {integrity: sha512-ZmdL2rui+eB2YwhsWzjInR8LldtZHGDoQ1ugH85ppHKwpUHL7j7rN0Ti9NCnGiQbhaZ11FpR+7ao1dNsmduNUg==}
    engines: {node: '>=12'}

  fetch-blob@3.2.0:
    resolution: {integrity: sha512-7yAQpD2UMJzLi1Dqv7qFYnPbaPx7ZfFK6PiIxQ4PfkGPyNyl2Ugx+a/umUonmKqjhM4DnfbMvdX6otXq83soQQ==}
    engines: {node: ^12.20 || >= 14.13}

  formdata-polyfill@4.0.10:
    resolution: {integrity: sha512-buewHzMvYL29jdeQTVILecSaZKnt/RJWjoZCF5OW60Z67/GmSLBkOFM7qh1PI3zFNtJbaZL5eQu1vLfazOwj4g==}
    engines: {node: '>=12.20.0'}

  isexe@2.0.0:
    resolution: {integrity: sha512-RHxMLp9lnKHGHRng9QFhRCMbYAcVpn69smSGcq3f36xjgVVWThj4qqLbTLlq7Ssj8B+fIQ1EuCEGI2lKsyQeIw==}

  js-base64@3.7.7:
    resolution: {integrity: sha512-7rCnleh0z2CkXhH67J8K1Ytz0b2Y+yxTPL+/KOJoa20hfnVQ/3/T6W/KflYI4bRHRagNeXeU2bkNGI3v1oS/lw==}

  libsql@0.4.4:
    resolution: {integrity: sha512-Ub1YDlfAKOst9xoHMOb1dhgcu8qkMP6IM+xZoEptQuPtFe+w3ShRvJMa9FvI7FI5EEG/B4FXLLXPS9utMQq5xQ==}
    os: [darwin, linux, win32]

  minimist@1.2.8:
    resolution: {integrity: sha512-2yyAR8qBkN3YuheJanUpWC5U3bb5osDywNB8RzDVlDwDHbocAJveqqj1u8+SVD7jkWT4yvsHCpWqqWqAxb0zCA==}

  node-domexception@1.0.0:
    resolution: {integrity: sha512-/jKZoMpw0F8GRwl4/eLROPA3cfcXtLApP0QzLmUT/HuPCZWyB7IY9ZrMeKw2O/nFIqPQB3PVM9aYm0F312AXDQ==}
    engines: {node: '>=10.5.0'}

  node-fetch@3.3.2:
    resolution: {integrity: sha512-dRB78srN/l6gqWulah9SrxeYnxeddIG30+GOqK/9OlLVyLg3HPnr6SqOWTWOXKRwC2eGYCkZ59NNuSgvSrpgOA==}
    engines: {node: ^12.20.0 || ^14.13.1 || >=16.0.0}

  path-key@3.1.1:
    resolution: {integrity: sha512-ojmeN0qd+y0jszEtoY48r0Peq5dwMEkIlCOu6Q5f41lfkswXuKtYrhgoTpLnyIcHm24Uhqx+5Tqm2InSwLhE6Q==}
    engines: {node: '>=8'}

  promise-limit@2.7.0:
    resolution: {integrity: sha512-7nJ6v5lnJsXwGprnGXga4wx6d1POjvi5Qmf1ivTRxTjH4Z/9Czja/UCMLVmB9N93GeWOU93XaFaEt6jbuoagNw==}

  shebang-command@2.0.0:
    resolution: {integrity: sha512-kHxr2zZpYtdmrN1qDjrrX/Z1rR1kG8Dx+gkpK1G4eXmvXswmcE1hTWBWYUzlraYw1/yZp6YuDY77YtvbN0dmDA==}
    engines: {node: '>=8'}

  shebang-regex@3.0.0:
    resolution: {integrity: sha512-7++dFhtcx3353uBaq8DDR4NuxBetBzC7ZQOhmTQInHEd6bSrXdiEyzCvG07Z44UYdLShWUyXt5M/yhz8ekcb1A==}
    engines: {node: '>=8'}

  undici-types@6.19.8:
    resolution: {integrity: sha512-ve2KP6f/JnbPBFyobGHuerC9g1FYGn/F8n1LWTwNxCEzd6IfqTwUQcNXgEtmmQ6DlRrC1hrSrBnCZPokRrDHjw==}

  web-streams-polyfill@3.3.3:
    resolution: {integrity: sha512-d2JWLCivmZYTSIoge9MsgFCZrt571BikcWGYkjC1khllbTeDlGqZ2D8vD8E/lJa8WGWbb7Plm8/XJYV7IJHZZw==}
    engines: {node: '>= 8'}

  which@2.0.2:
    resolution: {integrity: sha512-BLI3Tl1TW3Pvl70l3yq3Y64i+awpwXqsGBYWkkqMtnbXgrMD+yj7rhW0kuEDxzJaYXGjEW5ogapKNMEKNMjibA==}
    engines: {node: '>= 8'}
    hasBin: true

  ws@8.18.0:
    resolution: {integrity: sha512-8VbfWfHLbbwu3+N6OKsOMpBdT4kXPDDB9cJk2bJ6mh9ucxdlnNvH1e+roYkKmN9Nxw2yjz7VzeO9oOz2zJ04Pw==}
    engines: {node: '>=10.0.0'}
    peerDependencies:
      bufferutil: ^4.0.1
      utf-8-validate: '>=5.0.2'
    peerDependenciesMeta:
      bufferutil:
        optional: true
      utf-8-validate:
        optional: true

snapshots:

  '@libsql/client@0.10.0':
    dependencies:
      '@libsql/core': 0.10.0
      '@libsql/hrana-client': 0.6.2
      js-base64: 3.7.7
      libsql: 0.4.4
      promise-limit: 2.7.0
    transitivePeerDependencies:
      - bufferutil
      - utf-8-validate

  '@libsql/core@0.10.0':
    dependencies:
      js-base64: 3.7.7

  '@libsql/darwin-arm64@0.4.4':
    optional: true

  '@libsql/darwin-x64@0.4.4':
    optional: true

  '@libsql/hrana-client@0.6.2':
    dependencies:
      '@libsql/isomorphic-fetch': 0.2.5
      '@libsql/isomorphic-ws': 0.1.5
      js-base64: 3.7.7
      node-fetch: 3.3.2
    transitivePeerDependencies:
      - bufferutil
      - utf-8-validate

  '@libsql/isomorphic-fetch@0.2.5': {}

  '@libsql/isomorphic-ws@0.1.5':
    dependencies:
      '@types/ws': 8.5.12
      ws: 8.18.0
    transitivePeerDependencies:
      - bufferutil
      - utf-8-validate

  '@libsql/linux-arm64-gnu@0.4.4':
    optional: true

  '@libsql/linux-arm64-musl@0.4.4':
    optional: true

  '@libsql/linux-x64-gnu@0.4.4':
    optional: true

  '@libsql/linux-x64-musl@0.4.4':
    optional: true

  '@libsql/win32-x64-msvc@0.4.4':
    optional: true

  '@neon-rs/load@0.0.4': {}

  '@types/node@22.5.4':
    dependencies:
      undici-types: 6.19.8

  '@types/ws@8.5.12':
    dependencies:
      '@types/node': 22.5.4

  cross-spawn@7.0.3:
    dependencies:
      path-key: 3.1.1
      shebang-command: 2.0.0
      which: 2.0.2

  data-uri-to-buffer@4.0.1: {}

  detect-libc@2.0.2: {}

  dotenv-cli@7.4.2:
    dependencies:
      cross-spawn: 7.0.3
      dotenv: 16.4.5
      dotenv-expand: 10.0.0
      minimist: 1.2.8

  dotenv-expand@10.0.0: {}

  dotenv@16.4.5: {}

  fetch-blob@3.2.0:
    dependencies:
      node-domexception: 1.0.0
      web-streams-polyfill: 3.3.3

  formdata-polyfill@4.0.10:
    dependencies:
      fetch-blob: 3.2.0

  isexe@2.0.0: {}

  js-base64@3.7.7: {}

  libsql@0.4.4:
    dependencies:
      '@neon-rs/load': 0.0.4
      detect-libc: 2.0.2
    optionalDependencies:
      '@libsql/darwin-arm64': 0.4.4
      '@libsql/darwin-x64': 0.4.4
      '@libsql/linux-arm64-gnu': 0.4.4
      '@libsql/linux-arm64-musl': 0.4.4
      '@libsql/linux-x64-gnu': 0.4.4
      '@libsql/linux-x64-musl': 0.4.4
      '@libsql/win32-x64-msvc': 0.4.4

  minimist@1.2.8: {}

  node-domexception@1.0.0: {}

  node-fetch@3.3.2:
    dependencies:
      data-uri-to-buffer: 4.0.1
      fetch-blob: 3.2.0
      formdata-polyfill: 4.0.10

  path-key@3.1.1: {}

  promise-limit@2.7.0: {}

  shebang-command@2.0.0:
    dependencies:
      shebang-regex: 3.0.0

  shebang-regex@3.0.0: {}

  undici-types@6.19.8: {}

  web-streams-polyfill@3.3.3: {}

  which@2.0.2:
    dependencies:
      isexe: 2.0.0

  ws@8.18.0: {}
